
Microsoft Visual Studio Solution File, Format Version 12.00
# Visual Studio Version 17
VisualStudioVersion = 17.0.31912.275
MinimumVisualStudioVersion = 10.0.40219.1
Project("{FAE04EC0-301F-11D3-BF4B-00C04F79EFBC}") = "demo-api-gateway", "demo-api-gateway\demo-api-gateway.csproj", "{6BC9CE4E-A577-429A-B3B0-1004E767E7CF}"
EndProject
Global
	GlobalSection(SolutionConfigurationPlatforms) = preSolution
		Debug|Any CPU = Debug|Any CPU
		Release|Any CPU = Release|Any CPU
	EndGlobalSection
	GlobalSection(ProjectConfigurationPlatforms) = postSolution
		{6BC9CE4E-A577-429A-B3B0-1004E767E7CF}.Debug|Any CPU.ActiveCfg = Debug|Any CPU
		{6BC9CE4E-A577-429A-B3B0-1004E767E7CF}.Debug|Any CPU.Build.0 = Debug|Any CPU
		{6BC9CE4E-A577-429A-B3B0-1004E767E7CF}.Release|Any CPU.ActiveCfg = Release|Any CPU
		{6BC9CE4E-A577-429A-B3B0-1004E767E7CF}.Release|Any CPU.Build.0 = Release|Any CPU
	EndGlobalSection
	GlobalSection(SolutionProperties) = preSolution
		HideSolutionNode = FALSE
	EndGlobalSection
	GlobalSection(ExtensibilityGlobals) = postSolution
		SolutionGuid = {04474588-329F-4C49-BEED-806B68D9A4CC}
	EndGlobalSection
EndGlobal
